{
  "object": {
    "pins": [
      {
        "package": "DJWBindableNS",
        "repositoryURL": "https://gitlab.com/trevorsonic/DJWBindableNS.git",
        "state": {
          "branch": null,
          "revision": "c543ead981bb3e8eeb05a4743ecf8960f15572fb",
          "version": "1.0.1"
        }
      },
      {
        "package": "DJWBuilderNS",
        "repositoryURL": "https://gitlab.com/trevorsonic/DJWBuilderNS.git",
        "state": {
          "branch": null,
          "revision": "83943404d91560945018d2e26c39fb331f803082",
          "version": "1.0.0"
        }
      },
      {
        "package": "DJWCommon",
        "repositoryURL": "https://gitlab.com/trevorsonic/DJWCommon.git",
        "state": {
          "branch": null,
          "revision": "fd43ab4eb64ea6f21180901708487fc55ea3db10",
          "version": "1.0.8"
        }
      },
      {
        "package": "SnapKit",
        "repositoryURL": "https://github.com/SnapKit/SnapKit.git",
        "state": {
          "branch": null,
          "revision": "d458564516e5676af9c70b4f4b2a9178294f1bc6",
          "version": "5.0.1"
        }
      }
    ]
  },
  "version": 1
}
